
Microsoft Visual Studio Solution File, Format Version 12.00
# Visual Studio Version 17
VisualStudioVersion = 17.11.35327.3
MinimumVisualStudioVersion = 10.0.40219.1
Project("{FAE04EC0-301F-11D3-BF4B-00C04F79EFBC}") = "Au3", "Au3\Au3.csproj", "{EFCE6A8F-04CE-41E2-B284-B6630B544EAA}"
EndProject
Global
	GlobalSection(SolutionConfigurationPlatforms) = preSolution
		Debug|Any CPU = Debug|Any CPU
		Release|Any CPU = Release|Any CPU
	EndGlobalSection
	GlobalSection(ProjectConfigurationPlatforms) = postSolution
		{EFCE6A8F-04CE-41E2-B284-B6630B544EAA}.Debug|Any CPU.ActiveCfg = Debug|Any CPU
		{EFCE6A8F-04CE-41E2-B284-B6630B544EAA}.Debug|Any CPU.Build.0 = Debug|Any CPU
		{EFCE6A8F-04CE-41E2-B284-B6630B544EAA}.Release|Any CPU.ActiveCfg = Release|Any CPU
		{EFCE6A8F-04CE-41E2-B284-B6630B544EAA}.Release|Any CPU.Build.0 = Release|Any CPU
	EndGlobalSection
	GlobalSection(SolutionProperties) = preSolution
		HideSolutionNode = FALSE
	EndGlobalSection
	GlobalSection(ExtensibilityGlobals) = postSolution
		SolutionGuid = {72AD4C78-AAA7-4FDC-9623-E34979B19EBC}
	EndGlobalSection
EndGlobal
